
Microsoft Visual Studio Solution File, Format Version 12.00
# Visual Studio Version 17
VisualStudioVersion = 17.4.33110.190
MinimumVisualStudioVersion = 10.0.40219.1
Project("{FAE04EC0-301F-11D3-BF4B-00C04F79EFBC}") = "Indi", "Indi\Indi.csproj", "{DD45503D-5B62-4AAE-8CF2-F7B4545CC7C3}"
EndProject
Global
	GlobalSection(SolutionConfigurationPlatforms) = preSolution
		Debug|Any CPU = Debug|Any CPU
		Release|Any CPU = Release|Any CPU
	EndGlobalSection
	GlobalSection(ProjectConfigurationPlatforms) = postSolution
		{DD45503D-5B62-4AAE-8CF2-F7B4545CC7C3}.Debug|Any CPU.ActiveCfg = Debug|Any CPU
		{DD45503D-5B62-4AAE-8CF2-F7B4545CC7C3}.Debug|Any CPU.Build.0 = Debug|Any CPU
		{DD45503D-5B62-4AAE-8CF2-F7B4545CC7C3}.Release|Any CPU.ActiveCfg = Release|Any CPU
		{DD45503D-5B62-4AAE-8CF2-F7B4545CC7C3}.Release|Any CPU.Build.0 = Release|Any CPU
	EndGlobalSection
	GlobalSection(SolutionProperties) = preSolution
		HideSolutionNode = FALSE
	EndGlobalSection
	GlobalSection(ExtensibilityGlobals) = postSolution
		SolutionGuid = {778ACD30-8FD2-415C-8E66-17945370A358}
	EndGlobalSection
EndGlobal
